
Microsoft Visual Studio Solution File, Format Version 12.00
# Visual Studio Version 17
VisualStudioVersion = 17.6.33815.320
MinimumVisualStudioVersion = 10.0.40219.1
Project("{FAE04EC0-301F-11D3-BF4B-00C04F79EFBC}") = "PROG6212_POE_ST10071737", "PROG6212_POE_ST10071737\PROG6212_POE_ST10071737.csproj", "{A916308E-62CB-442E-BEFF-2DF4B971B28A}"
EndProject
Global
	GlobalSection(SolutionConfigurationPlatforms) = preSolution
		Debug|Any CPU = Debug|Any CPU
		Release|Any CPU = Release|Any CPU
	EndGlobalSection
	GlobalSection(ProjectConfigurationPlatforms) = postSolution
		{A916308E-62CB-442E-BEFF-2DF4B971B28A}.Debug|Any CPU.ActiveCfg = Debug|Any CPU
		{A916308E-62CB-442E-BEFF-2DF4B971B28A}.Debug|Any CPU.Build.0 = Debug|Any CPU
		{A916308E-62CB-442E-BEFF-2DF4B971B28A}.Release|Any CPU.ActiveCfg = Release|Any CPU
		{A916308E-62CB-442E-BEFF-2DF4B971B28A}.Release|Any CPU.Build.0 = Release|Any CPU
	EndGlobalSection
	GlobalSection(SolutionProperties) = preSolution
		HideSolutionNode = FALSE
	EndGlobalSection
	GlobalSection(ExtensibilityGlobals) = postSolution
		SolutionGuid = {1E6D3BEA-162C-4BCC-96F9-395170F0C932}
	EndGlobalSection
EndGlobal
